
Microsoft Visual Studio Solution File, Format Version 11.00
# Visual Studio Version 17

Project("{8BC9CEB8-8B4A-11D0-8D11-00A0C91BC942}") = "JohnSlap - Standalone Plugin", "JohnSlap_StandalonePlugin.vcxproj", "{73466D90-9180-17E4-01A6-E74A1276F0E6}"
	ProjectSection(ProjectDependencies) = postProject
		{4FF2866C-82A2-2D63-9232-ED2FF1DBBC27} = {4FF2866C-82A2-2D63-9232-ED2FF1DBBC27}
	EndProjectSection
EndProject
Project("{8BC9CEB8-8B4A-11D0-8D11-00A0C91BC942}") = "JohnSlap - Shared Code", "JohnSlap_SharedCode.vcxproj", "{4FF2866C-82A2-2D63-9232-ED2FF1DBBC27}"
EndProject
Global
	GlobalSection(SolutionConfigurationPlatforms) = preSolution
		Debug|x64 = Debug|x64
		Release|x64 = Release|x64
	EndGlobalSection
	GlobalSection(ProjectConfigurationPlatforms) = postSolution
		{73466D90-9180-17E4-01A6-E74A1276F0E6}.Debug|x64.ActiveCfg = Debug|x64
		{73466D90-9180-17E4-01A6-E74A1276F0E6}.Debug|x64.Build.0 = Debug|x64
		{73466D90-9180-17E4-01A6-E74A1276F0E6}.Release|x64.ActiveCfg = Release|x64
		{73466D90-9180-17E4-01A6-E74A1276F0E6}.Release|x64.Build.0 = Release|x64
		{4FF2866C-82A2-2D63-9232-ED2FF1DBBC27}.Debug|x64.ActiveCfg = Debug|x64
		{4FF2866C-82A2-2D63-9232-ED2FF1DBBC27}.Debug|x64.Build.0 = Debug|x64
		{4FF2866C-82A2-2D63-9232-ED2FF1DBBC27}.Release|x64.ActiveCfg = Release|x64
		{4FF2866C-82A2-2D63-9232-ED2FF1DBBC27}.Release|x64.Build.0 = Release|x64
	EndGlobalSection
	GlobalSection(SolutionProperties) = preSolution
		HideSolutionNode = FALSE
	EndGlobalSection
EndGlobal
